
Microsoft Visual Studio Solution File, Format Version 12.00
# Visual Studio Version 17
VisualStudioVersion = 17.8.34322.80
MinimumVisualStudioVersion = 10.0.40219.1
Project("{FAE04EC0-301F-11D3-BF4B-00C04F79EFBC}") = "TalkingGears.Server", "TalkingGears.Server\TalkingGears.Server.csproj", "{8202C85F-CC08-4B1C-A496-25C4F7796156}"
EndProject
Project("{54A90642-561A-4BB1-A94E-469ADEE60C69}") = "talkinggears.client", "talkinggears.client\talkinggears.client.esproj", "{751782E7-0EEA-4212-88F1-09F242AF2905}"
EndProject
Global
	GlobalSection(SolutionConfigurationPlatforms) = preSolution
		Debug|Any CPU = Debug|Any CPU
		Release|Any CPU = Release|Any CPU
	EndGlobalSection
	GlobalSection(ProjectConfigurationPlatforms) = postSolution
		{8202C85F-CC08-4B1C-A496-25C4F7796156}.Debug|Any CPU.ActiveCfg = Debug|Any CPU
		{8202C85F-CC08-4B1C-A496-25C4F7796156}.Debug|Any CPU.Build.0 = Debug|Any CPU
		{8202C85F-CC08-4B1C-A496-25C4F7796156}.Release|Any CPU.ActiveCfg = Release|Any CPU
		{8202C85F-CC08-4B1C-A496-25C4F7796156}.Release|Any CPU.Build.0 = Release|Any CPU
		{751782E7-0EEA-4212-88F1-09F242AF2905}.Debug|Any CPU.ActiveCfg = Debug|Any CPU
		{751782E7-0EEA-4212-88F1-09F242AF2905}.Debug|Any CPU.Build.0 = Debug|Any CPU
		{751782E7-0EEA-4212-88F1-09F242AF2905}.Debug|Any CPU.Deploy.0 = Debug|Any CPU
		{751782E7-0EEA-4212-88F1-09F242AF2905}.Release|Any CPU.ActiveCfg = Release|Any CPU
		{751782E7-0EEA-4212-88F1-09F242AF2905}.Release|Any CPU.Build.0 = Release|Any CPU
		{751782E7-0EEA-4212-88F1-09F242AF2905}.Release|Any CPU.Deploy.0 = Release|Any CPU
	EndGlobalSection
	GlobalSection(SolutionProperties) = preSolution
		HideSolutionNode = FALSE
	EndGlobalSection
	GlobalSection(ExtensibilityGlobals) = postSolution
		SolutionGuid = {E7C4EEFA-4372-4F4C-8649-29F12173BEB7}
	EndGlobalSection
EndGlobal
